
Microsoft Visual Studio Solution File, Format Version 12.00
# Visual Studio 15
VisualStudioVersion = 15.0.28307.106
MinimumVisualStudioVersion = 10.0.40219.1
Project("{FAE04EC0-301F-11D3-BF4B-00C04F79EFBC}") = "KRIRSTrial6", "KRIRSTrial6\KRIRSTrial6.csproj", "{7EE0AA26-FAFF-40E4-9748-F0E5D8ECECC7}"
EndProject
Global
	GlobalSection(SolutionConfigurationPlatforms) = preSolution
		Debug|Any CPU = Debug|Any CPU
		Release|Any CPU = Release|Any CPU
	EndGlobalSection
	GlobalSection(ProjectConfigurationPlatforms) = postSolution
		{7EE0AA26-FAFF-40E4-9748-F0E5D8ECECC7}.Debug|Any CPU.ActiveCfg = Debug|Any CPU
		{7EE0AA26-FAFF-40E4-9748-F0E5D8ECECC7}.Debug|Any CPU.Build.0 = Debug|Any CPU
		{7EE0AA26-FAFF-40E4-9748-F0E5D8ECECC7}.Release|Any CPU.ActiveCfg = Release|Any CPU
		{7EE0AA26-FAFF-40E4-9748-F0E5D8ECECC7}.Release|Any CPU.Build.0 = Release|Any CPU
	EndGlobalSection
	GlobalSection(SolutionProperties) = preSolution
		HideSolutionNode = FALSE
	EndGlobalSection
	GlobalSection(ExtensibilityGlobals) = postSolution
		SolutionGuid = {6079F630-9D2B-4CED-AF2B-58BD2F1F6BAD}
	EndGlobalSection
EndGlobal
